
Microsoft Visual Studio Solution File, Format Version 12.00
# Visual Studio Version 17
Project("{2150E333-8FDC-42A3-9474-1A3956D46DE8}") = "CMakePredefinedTargets", "CMakePredefinedTargets", "{1213C3A4-DD8A-3FBC-99B3-27237D6858C1}"
EndProject
Project("{8BC9CEB8-8B4A-11D0-8D11-00A0C91BC942}") = "ALL_BUILD", "ALL_BUILD.vcxproj", "{87A49E2A-D480-376F-B9ED-07421FE71957}"
	ProjectSection(ProjectDependencies) = postProject
		{1153441F-1482-3ED9-9401-23B5AED8FB0A} = {1153441F-1482-3ED9-9401-23B5AED8FB0A}
		{D3CEFA69-0CC3-37AD-A1E3-08605C5A9A96} = {D3CEFA69-0CC3-37AD-A1E3-08605C5A9A96}
	EndProjectSection
EndProject
Project("{8BC9CEB8-8B4A-11D0-8D11-00A0C91BC942}") = "CppCompiler", "CppCompiler.vcxproj", "{1153441F-1482-3ED9-9401-23B5AED8FB0A}"
	ProjectSection(ProjectDependencies) = postProject
		{D3CEFA69-0CC3-37AD-A1E3-08605C5A9A96} = {D3CEFA69-0CC3-37AD-A1E3-08605C5A9A96}
	EndProjectSection
EndProject
Project("{8BC9CEB8-8B4A-11D0-8D11-00A0C91BC942}") = "ZERO_CHECK", "ZERO_CHECK.vcxproj", "{D3CEFA69-0CC3-37AD-A1E3-08605C5A9A96}"
	ProjectSection(ProjectDependencies) = postProject
	EndProjectSection
EndProject
Global
	GlobalSection(SolutionConfigurationPlatforms) = preSolution
		Debug|x64 = Debug|x64
		Release|x64 = Release|x64
		MinSizeRel|x64 = MinSizeRel|x64
		RelWithDebInfo|x64 = RelWithDebInfo|x64
	EndGlobalSection
	GlobalSection(ProjectConfigurationPlatforms) = postSolution
		{87A49E2A-D480-376F-B9ED-07421FE71957}.Debug|x64.ActiveCfg = Debug|x64
		{87A49E2A-D480-376F-B9ED-07421FE71957}.Release|x64.ActiveCfg = Release|x64
		{87A49E2A-D480-376F-B9ED-07421FE71957}.MinSizeRel|x64.ActiveCfg = MinSizeRel|x64
		{87A49E2A-D480-376F-B9ED-07421FE71957}.RelWithDebInfo|x64.ActiveCfg = RelWithDebInfo|x64
		{1153441F-1482-3ED9-9401-23B5AED8FB0A}.Debug|x64.ActiveCfg = Debug|x64
		{1153441F-1482-3ED9-9401-23B5AED8FB0A}.Debug|x64.Build.0 = Debug|x64
		{1153441F-1482-3ED9-9401-23B5AED8FB0A}.Release|x64.ActiveCfg = Release|x64
		{1153441F-1482-3ED9-9401-23B5AED8FB0A}.Release|x64.Build.0 = Release|x64
		{1153441F-1482-3ED9-9401-23B5AED8FB0A}.MinSizeRel|x64.ActiveCfg = MinSizeRel|x64
		{1153441F-1482-3ED9-9401-23B5AED8FB0A}.MinSizeRel|x64.Build.0 = MinSizeRel|x64
		{1153441F-1482-3ED9-9401-23B5AED8FB0A}.RelWithDebInfo|x64.ActiveCfg = RelWithDebInfo|x64
		{1153441F-1482-3ED9-9401-23B5AED8FB0A}.RelWithDebInfo|x64.Build.0 = RelWithDebInfo|x64
		{D3CEFA69-0CC3-37AD-A1E3-08605C5A9A96}.Debug|x64.ActiveCfg = Debug|x64
		{D3CEFA69-0CC3-37AD-A1E3-08605C5A9A96}.Debug|x64.Build.0 = Debug|x64
		{D3CEFA69-0CC3-37AD-A1E3-08605C5A9A96}.Release|x64.ActiveCfg = Release|x64
		{D3CEFA69-0CC3-37AD-A1E3-08605C5A9A96}.Release|x64.Build.0 = Release|x64
		{D3CEFA69-0CC3-37AD-A1E3-08605C5A9A96}.MinSizeRel|x64.ActiveCfg = MinSizeRel|x64
		{D3CEFA69-0CC3-37AD-A1E3-08605C5A9A96}.MinSizeRel|x64.Build.0 = MinSizeRel|x64
		{D3CEFA69-0CC3-37AD-A1E3-08605C5A9A96}.RelWithDebInfo|x64.ActiveCfg = RelWithDebInfo|x64
		{D3CEFA69-0CC3-37AD-A1E3-08605C5A9A96}.RelWithDebInfo|x64.Build.0 = RelWithDebInfo|x64
	EndGlobalSection
	GlobalSection(NestedProjects) = preSolution
		{87A49E2A-D480-376F-B9ED-07421FE71957} = {1213C3A4-DD8A-3FBC-99B3-27237D6858C1}
		{D3CEFA69-0CC3-37AD-A1E3-08605C5A9A96} = {1213C3A4-DD8A-3FBC-99B3-27237D6858C1}
	EndGlobalSection
	GlobalSection(ExtensibilityGlobals) = postSolution
		SolutionGuid = {9DA0E9CA-3CF8-3761-90B9-68D7171B61E1}
	EndGlobalSection
	GlobalSection(ExtensibilityAddIns) = postSolution
	EndGlobalSection
EndGlobal
