<?xml version="1.0" encoding="utf-8"?>
<Project ToolsVersion="17.0" xmlns="http://schemas.microsoft.com/developer/msbuild/2003">
  <ItemGroup>
    <ClCompile Include="C:\Users\Ryan\Desktop\PracticePrograms\CppCompiler\src\lexer.cpp">
      <Filter>Source Files</Filter>
    </ClCompile>
    <ClCompile Include="C:\Users\Ryan\Desktop\PracticePrograms\CppCompiler\src\parser.cpp">
      <Filter>Source Files</Filter>
    </ClCompile>
  </ItemGroup>
  <ItemGroup>
    <ClInclude Include="C:\Users\Ryan\Desktop\PracticePrograms\CppCompiler\src\lexer.h">
      <Filter>Header Files</Filter>
    </ClInclude>
  </ItemGroup>
  <ItemGroup>
    <CustomBuild Include="C:\Users\Ryan\Desktop\PracticePrograms\CppCompiler\CMakeLists.txt" />
  </ItemGroup>
  <ItemGroup>
    <Filter Include="Header Files">
      <UniqueIdentifier>{068C50E2-E42F-39E9-9863-F5C00FB67F36}</UniqueIdentifier>
    </Filter>
    <Filter Include="Source Files">
      <UniqueIdentifier>{B2C4542C-A41D-3793-A1E6-DCBC695D424D}</UniqueIdentifier>
    </Filter>
  </ItemGroup>
</Project>
